
Microsoft Visual Studio Solution File, Format Version 12.00
# Visual Studio Version 17
VisualStudioVersion = 17.0.31912.275
MinimumVisualStudioVersion = 10.0.40219.1
Project("{FAE04EC0-301F-11D3-BF4B-00C04F79EFBC}") = "DataManager-ZaMaloprodaju", "DataManager-ZaMaloprodaju\DataManager-ZaMaloprodaju.csproj", "{11412ED6-6E1B-409C-B024-A0CDDF1630D6}"
EndProject
Project("{00D1A9C2-B5F0-4AF3-8072-F6C62B433612}") = "Sistem-Za-Maloprodaju-DB", "Sistem-Za-Maloprodaju-DB\Sistem-Za-Maloprodaju-DB.sqlproj", "{D68EA69B-D21C-41C8-893F-A35D92BAB5AD}"
EndProject
Project("{FAE04EC0-301F-11D3-BF4B-00C04F79EFBC}") = "Sistem-Za-Maloprodaju-WPFUserInterface", "Sistem-Za-Maloprodaju-WPFUserInterface\Sistem-Za-Maloprodaju-WPFUserInterface.csproj", "{A9932A3A-C0B4-43BC-9BAC-B4BD32EC4829}"
EndProject
Project("{9A19103F-16F7-4668-BE54-9A1E7A4F7556}") = "DataManager.Library", "DataManager.Library\DataManager.Library.csproj", "{4F8A3842-2347-4EE9-BBA5-2B2DFCA11886}"
EndProject
Project("{9A19103F-16F7-4668-BE54-9A1E7A4F7556}") = "DesktopUI.Library", "DesktopUI.Library\DesktopUI.Library.csproj", "{B6154328-052E-4362-A394-AB41438611F2}"
EndProject
Project("{2150E333-8FDC-42A3-9474-1A3956D46DE8}") = "Database", "Database", "{29DD9786-B95A-497C-8D69-BC81D489509F}"
EndProject
Project("{2150E333-8FDC-42A3-9474-1A3956D46DE8}") = "API", "API", "{D4D38703-BECB-4C8A-A8BC-1A1918EF88E2}"
EndProject
Project("{2150E333-8FDC-42A3-9474-1A3956D46DE8}") = "WPF", "WPF", "{95C6453E-B5DF-4500-A6AD-C10AFFDFA62E}"
EndProject
Project("{FAE04EC0-301F-11D3-BF4B-00C04F79EFBC}") = "DataManager-Api", "DataManager-Api\DataManager-Api.csproj", "{4FF9A15F-3EBA-4981-BDB0-24B3B6F2B748}"
EndProject
Global
	GlobalSection(SolutionConfigurationPlatforms) = preSolution
		Debug|Any CPU = Debug|Any CPU
		Release|Any CPU = Release|Any CPU
	EndGlobalSection
	GlobalSection(ProjectConfigurationPlatforms) = postSolution
		{11412ED6-6E1B-409C-B024-A0CDDF1630D6}.Debug|Any CPU.ActiveCfg = Debug|Any CPU
		{11412ED6-6E1B-409C-B024-A0CDDF1630D6}.Debug|Any CPU.Build.0 = Debug|Any CPU
		{11412ED6-6E1B-409C-B024-A0CDDF1630D6}.Release|Any CPU.ActiveCfg = Release|Any CPU
		{11412ED6-6E1B-409C-B024-A0CDDF1630D6}.Release|Any CPU.Build.0 = Release|Any CPU
		{D68EA69B-D21C-41C8-893F-A35D92BAB5AD}.Debug|Any CPU.ActiveCfg = Debug|Any CPU
		{D68EA69B-D21C-41C8-893F-A35D92BAB5AD}.Debug|Any CPU.Build.0 = Debug|Any CPU
		{D68EA69B-D21C-41C8-893F-A35D92BAB5AD}.Debug|Any CPU.Deploy.0 = Debug|Any CPU
		{D68EA69B-D21C-41C8-893F-A35D92BAB5AD}.Release|Any CPU.ActiveCfg = Release|Any CPU
		{D68EA69B-D21C-41C8-893F-A35D92BAB5AD}.Release|Any CPU.Build.0 = Release|Any CPU
		{D68EA69B-D21C-41C8-893F-A35D92BAB5AD}.Release|Any CPU.Deploy.0 = Release|Any CPU
		{A9932A3A-C0B4-43BC-9BAC-B4BD32EC4829}.Debug|Any CPU.ActiveCfg = Debug|Any CPU
		{A9932A3A-C0B4-43BC-9BAC-B4BD32EC4829}.Debug|Any CPU.Build.0 = Debug|Any CPU
		{A9932A3A-C0B4-43BC-9BAC-B4BD32EC4829}.Release|Any CPU.ActiveCfg = Release|Any CPU
		{A9932A3A-C0B4-43BC-9BAC-B4BD32EC4829}.Release|Any CPU.Build.0 = Release|Any CPU
		{4F8A3842-2347-4EE9-BBA5-2B2DFCA11886}.Debug|Any CPU.ActiveCfg = Debug|Any CPU
		{4F8A3842-2347-4EE9-BBA5-2B2DFCA11886}.Debug|Any CPU.Build.0 = Debug|Any CPU
		{4F8A3842-2347-4EE9-BBA5-2B2DFCA11886}.Release|Any CPU.ActiveCfg = Release|Any CPU
		{4F8A3842-2347-4EE9-BBA5-2B2DFCA11886}.Release|Any CPU.Build.0 = Release|Any CPU
		{B6154328-052E-4362-A394-AB41438611F2}.Debug|Any CPU.ActiveCfg = Debug|Any CPU
		{B6154328-052E-4362-A394-AB41438611F2}.Debug|Any CPU.Build.0 = Debug|Any CPU
		{B6154328-052E-4362-A394-AB41438611F2}.Release|Any CPU.ActiveCfg = Release|Any CPU
		{B6154328-052E-4362-A394-AB41438611F2}.Release|Any CPU.Build.0 = Release|Any CPU
		{4FF9A15F-3EBA-4981-BDB0-24B3B6F2B748}.Debug|Any CPU.ActiveCfg = Debug|Any CPU
		{4FF9A15F-3EBA-4981-BDB0-24B3B6F2B748}.Debug|Any CPU.Build.0 = Debug|Any CPU
		{4FF9A15F-3EBA-4981-BDB0-24B3B6F2B748}.Release|Any CPU.ActiveCfg = Release|Any CPU
		{4FF9A15F-3EBA-4981-BDB0-24B3B6F2B748}.Release|Any CPU.Build.0 = Release|Any CPU
	EndGlobalSection
	GlobalSection(SolutionProperties) = preSolution
		HideSolutionNode = FALSE
	EndGlobalSection
	GlobalSection(NestedProjects) = preSolution
		{11412ED6-6E1B-409C-B024-A0CDDF1630D6} = {D4D38703-BECB-4C8A-A8BC-1A1918EF88E2}
		{D68EA69B-D21C-41C8-893F-A35D92BAB5AD} = {29DD9786-B95A-497C-8D69-BC81D489509F}
		{A9932A3A-C0B4-43BC-9BAC-B4BD32EC4829} = {95C6453E-B5DF-4500-A6AD-C10AFFDFA62E}
		{4F8A3842-2347-4EE9-BBA5-2B2DFCA11886} = {D4D38703-BECB-4C8A-A8BC-1A1918EF88E2}
		{B6154328-052E-4362-A394-AB41438611F2} = {95C6453E-B5DF-4500-A6AD-C10AFFDFA62E}
		{4FF9A15F-3EBA-4981-BDB0-24B3B6F2B748} = {D4D38703-BECB-4C8A-A8BC-1A1918EF88E2}
	EndGlobalSection
	GlobalSection(ExtensibilityGlobals) = postSolution
		SolutionGuid = {A327DC43-94A7-412D-B324-CE36122DDA69}
	EndGlobalSection
EndGlobal
